
Microsoft Visual Studio Solution File, Format Version 12.00
# Visual Studio Version 17
VisualStudioVersion = 17.0.31903.59
MinimumVisualStudioVersion = 10.0.40219.1
Project("{FAE04EC0-301F-11D3-BF4B-00C04F79EFBC}") = "ConsoleAgent", "ConsoleAgent\ConsoleAgent.csproj", "{90120EAD-98AB-47AD-8081-A6133B9EDF64}"
EndProject
Project("{FAE04EC0-301F-11D3-BF4B-00C04F79EFBC}") = "XmppAgent", "XmppAgent\XmppAgent.csproj", "{183CDE69-1C00-4860-98F5-0685EDE3479D}"
EndProject
Project("{FAE04EC0-301F-11D3-BF4B-00C04F79EFBC}") = "LlmAgents", "LlmAgents\LlmAgents.csproj", "{DD963733-BB7D-6A9A-B05E-8C505AF1FCF6}"
EndProject
Project("{FAE04EC0-301F-11D3-BF4B-00C04F79EFBC}") = "LlmAgents.Tests", "LlmAgents.Tests\LlmAgents.Tests.csproj", "{02A0701E-97DD-9966-2F80-B9EA083E8149}"
EndProject
Project("{FAE04EC0-301F-11D3-BF4B-00C04F79EFBC}") = "LlmAgents.Tools", "LlmAgents.Tools\LlmAgents.Tools.csproj", "{E048B1C3-29D2-4B50-BF7F-D9A1B7C57883}"
EndProject
Project("{2150E333-8FDC-42A3-9474-1A3956D46DE8}") = "Agent", "Agent", "{02EA681E-C7D8-13C7-8484-4AC65E1B71E8}"
	ProjectSection(SolutionItems) = preProject
		Agent\api.json = Agent\api.json
		Agent\tools.json = Agent\tools.json
		Agent\xmpp.json = Agent\xmpp.json
	EndProjectSection
EndProject
Project("{FAE04EC0-301F-11D3-BF4B-00C04F79EFBC}") = "LlmAgents.ToolServer", "LlmAgents.ToolServer\LlmAgents.ToolServer.csproj", "{9F96E6A3-19FD-4E8E-BE2E-D43AC07E6D8C}"
EndProject
Global
	GlobalSection(SolutionConfigurationPlatforms) = preSolution
		Debug|Any CPU = Debug|Any CPU
		Release|Any CPU = Release|Any CPU
	EndGlobalSection
	GlobalSection(ProjectConfigurationPlatforms) = postSolution
		{90120EAD-98AB-47AD-8081-A6133B9EDF64}.Debug|Any CPU.ActiveCfg = Debug|Any CPU
		{90120EAD-98AB-47AD-8081-A6133B9EDF64}.Debug|Any CPU.Build.0 = Debug|Any CPU
		{90120EAD-98AB-47AD-8081-A6133B9EDF64}.Release|Any CPU.ActiveCfg = Release|Any CPU
		{90120EAD-98AB-47AD-8081-A6133B9EDF64}.Release|Any CPU.Build.0 = Release|Any CPU
		{183CDE69-1C00-4860-98F5-0685EDE3479D}.Debug|Any CPU.ActiveCfg = Debug|Any CPU
		{183CDE69-1C00-4860-98F5-0685EDE3479D}.Debug|Any CPU.Build.0 = Debug|Any CPU
		{183CDE69-1C00-4860-98F5-0685EDE3479D}.Release|Any CPU.ActiveCfg = Release|Any CPU
		{183CDE69-1C00-4860-98F5-0685EDE3479D}.Release|Any CPU.Build.0 = Release|Any CPU
		{DD963733-BB7D-6A9A-B05E-8C505AF1FCF6}.Debug|Any CPU.ActiveCfg = Debug|Any CPU
		{DD963733-BB7D-6A9A-B05E-8C505AF1FCF6}.Debug|Any CPU.Build.0 = Debug|Any CPU
		{DD963733-BB7D-6A9A-B05E-8C505AF1FCF6}.Release|Any CPU.ActiveCfg = Release|Any CPU
		{DD963733-BB7D-6A9A-B05E-8C505AF1FCF6}.Release|Any CPU.Build.0 = Release|Any CPU
		{02A0701E-97DD-9966-2F80-B9EA083E8149}.Debug|Any CPU.ActiveCfg = Debug|Any CPU
		{02A0701E-97DD-9966-2F80-B9EA083E8149}.Debug|Any CPU.Build.0 = Debug|Any CPU
		{02A0701E-97DD-9966-2F80-B9EA083E8149}.Release|Any CPU.ActiveCfg = Release|Any CPU
		{02A0701E-97DD-9966-2F80-B9EA083E8149}.Release|Any CPU.Build.0 = Release|Any CPU
		{E048B1C3-29D2-4B50-BF7F-D9A1B7C57883}.Debug|Any CPU.ActiveCfg = Debug|Any CPU
		{E048B1C3-29D2-4B50-BF7F-D9A1B7C57883}.Debug|Any CPU.Build.0 = Debug|Any CPU
		{E048B1C3-29D2-4B50-BF7F-D9A1B7C57883}.Release|Any CPU.ActiveCfg = Release|Any CPU
		{E048B1C3-29D2-4B50-BF7F-D9A1B7C57883}.Release|Any CPU.Build.0 = Release|Any CPU
		{9F96E6A3-19FD-4E8E-BE2E-D43AC07E6D8C}.Debug|Any CPU.ActiveCfg = Debug|Any CPU
		{9F96E6A3-19FD-4E8E-BE2E-D43AC07E6D8C}.Debug|Any CPU.Build.0 = Debug|Any CPU
		{9F96E6A3-19FD-4E8E-BE2E-D43AC07E6D8C}.Release|Any CPU.ActiveCfg = Release|Any CPU
		{9F96E6A3-19FD-4E8E-BE2E-D43AC07E6D8C}.Release|Any CPU.Build.0 = Release|Any CPU
	EndGlobalSection
	GlobalSection(SolutionProperties) = preSolution
		HideSolutionNode = FALSE
	EndGlobalSection
	GlobalSection(ExtensibilityGlobals) = postSolution
		SolutionGuid = {2C85A959-E22A-423A-A820-5A4FC640B221}
	EndGlobalSection
EndGlobal
